
Microsoft Visual Studio Solution File, Format Version 12.00
# Visual Studio 2012
Project("{FAE04EC0-301F-11D3-BF4B-00C04F79EFBC}") = "SilverlightApplication3", "SilverlightApplication3\SilverlightApplication3.csproj", "{44CD038A-7A73-41B1-9C7A-86DF0B32D57D}"
	ProjectSection(ProjectDependencies) = postProject
		{76C89F7C-BEFD-443C-8EAD-B2E79630CA28} = {76C89F7C-BEFD-443C-8EAD-B2E79630CA28}
	EndProjectSection
EndProject
Project("{FAE04EC0-301F-11D3-BF4B-00C04F79EFBC}") = "SilverlightApplication3.Web", "SilverlightApplication3.Web\SilverlightApplication3.Web.csproj", "{76C89F7C-BEFD-443C-8EAD-B2E79630CA28}"
EndProject
Project("{FAE04EC0-301F-11D3-BF4B-00C04F79EFBC}") = "EmployeeBusinesslayer", "..\Employee3Tier\EmployeeBusinesslayer\EmployeeBusinesslayer.csproj", "{DDA205D9-569C-4B34-BCE7-E56277999333}"
EndProject
Project("{FAE04EC0-301F-11D3-BF4B-00C04F79EFBC}") = "EmployeeDatalayer", "..\Employee3Tier\EmployeeDatalayer\EmployeeDatalayer.csproj", "{74317612-B2ED-4FCE-AF9B-D8995F7EFE73}"
EndProject
Project("{FAE04EC0-301F-11D3-BF4B-00C04F79EFBC}") = "EmployeeEntity", "..\Employee3Tier\EmployeeEntity\EmployeeEntity.csproj", "{95AAB20F-7BD7-45D0-B6DA-CA2154D1DCBA}"
EndProject
Global
	GlobalSection(SolutionConfigurationPlatforms) = preSolution
		Debug|Any CPU = Debug|Any CPU
		Release|Any CPU = Release|Any CPU
	EndGlobalSection
	GlobalSection(ProjectConfigurationPlatforms) = postSolution
		{44CD038A-7A73-41B1-9C7A-86DF0B32D57D}.Debug|Any CPU.ActiveCfg = Debug|Any CPU
		{44CD038A-7A73-41B1-9C7A-86DF0B32D57D}.Debug|Any CPU.Build.0 = Debug|Any CPU
		{44CD038A-7A73-41B1-9C7A-86DF0B32D57D}.Release|Any CPU.ActiveCfg = Release|Any CPU
		{44CD038A-7A73-41B1-9C7A-86DF0B32D57D}.Release|Any CPU.Build.0 = Release|Any CPU
		{76C89F7C-BEFD-443C-8EAD-B2E79630CA28}.Debug|Any CPU.ActiveCfg = Debug|Any CPU
		{76C89F7C-BEFD-443C-8EAD-B2E79630CA28}.Debug|Any CPU.Build.0 = Debug|Any CPU
		{76C89F7C-BEFD-443C-8EAD-B2E79630CA28}.Release|Any CPU.ActiveCfg = Release|Any CPU
		{76C89F7C-BEFD-443C-8EAD-B2E79630CA28}.Release|Any CPU.Build.0 = Release|Any CPU
		{DDA205D9-569C-4B34-BCE7-E56277999333}.Debug|Any CPU.ActiveCfg = Debug|Any CPU
		{DDA205D9-569C-4B34-BCE7-E56277999333}.Debug|Any CPU.Build.0 = Debug|Any CPU
		{DDA205D9-569C-4B34-BCE7-E56277999333}.Release|Any CPU.ActiveCfg = Release|Any CPU
		{DDA205D9-569C-4B34-BCE7-E56277999333}.Release|Any CPU.Build.0 = Release|Any CPU
		{74317612-B2ED-4FCE-AF9B-D8995F7EFE73}.Debug|Any CPU.ActiveCfg = Debug|Any CPU
		{74317612-B2ED-4FCE-AF9B-D8995F7EFE73}.Debug|Any CPU.Build.0 = Debug|Any CPU
		{74317612-B2ED-4FCE-AF9B-D8995F7EFE73}.Release|Any CPU.ActiveCfg = Release|Any CPU
		{74317612-B2ED-4FCE-AF9B-D8995F7EFE73}.Release|Any CPU.Build.0 = Release|Any CPU
		{95AAB20F-7BD7-45D0-B6DA-CA2154D1DCBA}.Debug|Any CPU.ActiveCfg = Debug|Any CPU
		{95AAB20F-7BD7-45D0-B6DA-CA2154D1DCBA}.Debug|Any CPU.Build.0 = Debug|Any CPU
		{95AAB20F-7BD7-45D0-B6DA-CA2154D1DCBA}.Release|Any CPU.ActiveCfg = Release|Any CPU
		{95AAB20F-7BD7-45D0-B6DA-CA2154D1DCBA}.Release|Any CPU.Build.0 = Release|Any CPU
	EndGlobalSection
	GlobalSection(SolutionProperties) = preSolution
		HideSolutionNode = FALSE
	EndGlobalSection
EndGlobal
